// !$*UTF8*$!
{
	archiveVersion = 1;
	classes = {
	};
	objectVersion = 55;
	objects = {

/* Begin PBXBuildFile section */
		EB5F4A06273F142100CFBC1C /* ScannerFlow.framework in Frameworks */ = {isa = PBXBuildFile; fileRef = EB5F4A02273F141400CFBC1C /* ScannerFlow.framework */; };
		EB5F4A07273F142100CFBC1C /* ScannerFlow.framework in Embed Frameworks */ = {isa = PBXBuildFile; fileRef = EB5F4A02273F141400CFBC1C /* ScannerFlow.framework */; settings = {ATTRIBUTES = (CodeSignOnCopy, RemoveHeadersOnCopy, ); }; };
		EBFE0B10273F135500AE808F /* AppDelegate.swift in Sources */ = {isa = PBXBuildFile; fileRef = EBFE0B0F273F135500AE808F /* AppDelegate.swift */; };
		EBFE0B12273F135500AE808F /* SceneDelegate.swift in Sources */ = {isa = PBXBuildFile; fileRef = EBFE0B11273F135500AE808F /* SceneDelegate.swift */; };
		EBFE0B14273F135500AE808F /* ViewController.swift in Sources */ = {isa = PBXBuildFile; fileRef = EBFE0B13273F135500AE808F /* ViewController.swift */; };
		EBFE0B17273F135500AE808F /* Main.storyboard in Resources */ = {isa = PBXBuildFile; fileRef = EBFE0B15273F135500AE808F /* Main.storyboard */; };
		EBFE0B19273F135900AE808F /* Assets.xcassets in Resources */ = {isa = PBXBuildFile; fileRef = EBFE0B18273F135900AE808F /* Assets.xcassets */; };
		EBFE0B1C273F135900AE808F /* LaunchScreen.storyboard in Resources */ = {isa = PBXBuildFile; fileRef = EBFE0B1A273F135900AE808F /* LaunchScreen.storyboard */; };
		EBFE0B27273F135900AE808F /* NameFinderTests.swift in Sources */ = {isa = PBXBuildFile; fileRef = EBFE0B26273F135900AE808F /* NameFinderTests.swift */; };
		EBFE0B31273F135900AE808F /* NameFinderUITests.swift in Sources */ = {isa = PBXBuildFile; fileRef = EBFE0B30273F135900AE808F /* NameFinderUITests.swift */; };
		EBFE0B33273F135900AE808F /* NameFinderUITestsLaunchTests.swift in Sources */ = {isa = PBXBuildFile; fileRef = EBFE0B32273F135900AE808F /* NameFinderUITestsLaunchTests.swift */; };
/* End PBXBuildFile section */

/* Begin PBXContainerItemProxy section */
		EB5F4A01273F141400CFBC1C /* PBXContainerItemProxy */ = {
			isa = PBXContainerItemProxy;
			containerPortal = EB5F49FC273F141400CFBC1C /* ScannerFlow.xcodeproj */;
			proxyType = 2;
			remoteGlobalIDString = EBFE0AE9273F12DB00AE808F;
			remoteInfo = ScannerFlow;
		};
		EB5F4A03273F141400CFBC1C /* PBXContainerItemProxy */ = {
			isa = PBXContainerItemProxy;
			containerPortal = EB5F49FC273F141400CFBC1C /* ScannerFlow.xcodeproj */;
			proxyType = 2;
			remoteGlobalIDString = EBFE0AF3273F12DB00AE808F;
			remoteInfo = ScannerFlowTests;
		};
		EBFE0B23273F135900AE808F /* PBXContainerItemProxy */ = {
			isa = PBXContainerItemProxy;
			containerPortal = EBFE0B04273F135500AE808F /* Project object */;
			proxyType = 1;
			remoteGlobalIDString = EBFE0B0B273F135500AE808F;
			remoteInfo = NameFinder;
		};
		EBFE0B2D273F135900AE808F /* PBXContainerItemProxy */ = {
			isa = PBXContainerItemProxy;
			containerPortal = EBFE0B04273F135500AE808F /* Project object */;
			proxyType = 1;
			remoteGlobalIDString = EBFE0B0B273F135500AE808F;
			remoteInfo = NameFinder;
		};
/* End PBXContainerItemProxy section */

/* Begin PBXCopyFilesBuildPhase section */
		EB5F4A08273F142100CFBC1C /* Embed Frameworks */ = {
			isa = PBXCopyFilesBuildPhase;
			buildActionMask = 2147483647;
			dstPath = "";
			dstSubfolderSpec = 10;
			files = (
				EB5F4A07273F142100CFBC1C /* ScannerFlow.framework in Embed Frameworks */,
			);
			name = "Embed Frameworks";
			runOnlyForDeploymentPostprocessing = 0;
		};
/* End PBXCopyFilesBuildPhase section */

/* Begin PBXFileReference section */
		EB5F49FC273F141400CFBC1C /* ScannerFlow.xcodeproj */ = {isa = PBXFileReference; lastKnownFileType = "wrapper.pb-project"; name = ScannerFlow.xcodeproj; path = ScannerFlow/ScannerFlow.xcodeproj; sourceTree = "<group>"; };
		EBFE0B0C273F135500AE808F /* NameFinder.app */ = {isa = PBXFileReference; explicitFileType = wrapper.application; includeInIndex = 0; path = NameFinder.app; sourceTree = BUILT_PRODUCTS_DIR; };
		EBFE0B0F273F135500AE808F /* AppDelegate.swift */ = {isa = PBXFileReference; lastKnownFileType = sourcecode.swift; path = AppDelegate.swift; sourceTree = "<group>"; };
		EBFE0B11273F135500AE808F /* SceneDelegate.swift */ = {isa = PBXFileReference; lastKnownFileType = sourcecode.swift; path = SceneDelegate.swift; sourceTree = "<group>"; };
		EBFE0B13273F135500AE808F /* ViewController.swift */ = {isa = PBXFileReference; lastKnownFileType = sourcecode.swift; path = ViewController.swift; sourceTree = "<group>"; };
		EBFE0B16273F135500AE808F /* Base */ = {isa = PBXFileReference; lastKnownFileType = file.storyboard; name = Base; path = Base.lproj/Main.storyboard; sourceTree = "<group>"; };
		EBFE0B18273F135900AE808F /* Assets.xcassets */ = {isa = PBXFileReference; lastKnownFileType = folder.assetcatalog; path = Assets.xcassets; sourceTree = "<group>"; };
		EBFE0B1B273F135900AE808F /* Base */ = {isa = PBXFileReference; lastKnownFileType = file.storyboard; name = Base; path = Base.lproj/LaunchScreen.storyboard; sourceTree = "<group>"; };
		EBFE0B1D273F135900AE808F /* Info.plist */ = {isa = PBXFileReference; lastKnownFileType = text.plist.xml; path = Info.plist; sourceTree = "<group>"; };
		EBFE0B22273F135900AE808F /* NameFinderTests.xctest */ = {isa = PBXFileReference; explicitFileType = wrapper.cfbundle; includeInIndex = 0; path = NameFinderTests.xctest; sourceTree = BUILT_PRODUCTS_DIR; };
		EBFE0B26273F135900AE808F /* NameFinderTests.swift */ = {isa = PBXFileReference; lastKnownFileType = sourcecode.swift; path = NameFinderTests.swift; sourceTree = "<group>"; };
		EBFE0B2C273F135900AE808F /* NameFinderUITests.xctest */ = {isa = PBXFileReference; explicitFileType = wrapper.cfbundle; includeInIndex = 0; path = NameFinderUITests.xctest; sourceTree = BUILT_PRODUCTS_DIR; };
		EBFE0B30273F135900AE808F /* NameFinderUITests.swift */ = {isa = PBXFileReference; lastKnownFileType = sourcecode.swift; path = NameFinderUITests.swift; sourceTree = "<group>"; };
		EBFE0B32273F135900AE808F /* NameFinderUITestsLaunchTests.swift */ = {isa = PBXFileReference; lastKnownFileType = sourcecode.swift; path = NameFinderUITestsLaunchTests.swift; sourceTree = "<group>"; };
/* End PBXFileReference section */

/* Begin PBXFrameworksBuildPhase section */
		EBFE0B09273F135500AE808F /* Frameworks */ = {
			isa = PBXFrameworksBuildPhase;
			buildActionMask = 2147483647;
			files = (
				EB5F4A06273F142100CFBC1C /* ScannerFlow.framework in Frameworks */,
			);
			runOnlyForDeploymentPostprocessing = 0;
		};
		EBFE0B1F273F135900AE808F /* Frameworks */ = {
			isa = PBXFrameworksBuildPhase;
			buildActionMask = 2147483647;
			files = (
			);
			runOnlyForDeploymentPostprocessing = 0;
		};
		EBFE0B29273F135900AE808F /* Frameworks */ = {
			isa = PBXFrameworksBuildPhase;
			buildActionMask = 2147483647;
			files = (
			);
			runOnlyForDeploymentPostprocessing = 0;
		};
/* End PBXFrameworksBuildPhase section */

/* Begin PBXGroup section */
		EB5F49FD273F141400CFBC1C /* Products */ = {
			isa = PBXGroup;
			children = (
				EB5F4A02273F141400CFBC1C /* ScannerFlow.framework */,
				EB5F4A04273F141400CFBC1C /* ScannerFlowTests.xctest */,
			);
			name = Products;
			sourceTree = "<group>";
		};
		EB5F4A05273F142100CFBC1C /* Frameworks */ = {
			isa = PBXGroup;
			children = (
			);
			name = Frameworks;
			sourceTree = "<group>";
		};
		EBFE0B03273F135500AE808F = {
			isa = PBXGroup;
			children = (
				EB5F49FC273F141400CFBC1C /* ScannerFlow.xcodeproj */,
				EBFE0B0E273F135500AE808F /* NameFinder */,
				EBFE0B25273F135900AE808F /* NameFinderTests */,
				EBFE0B2F273F135900AE808F /* NameFinderUITests */,
				EBFE0B0D273F135500AE808F /* Products */,
				EB5F4A05273F142100CFBC1C /* Frameworks */,
			);
			sourceTree = "<group>";
		};
		EBFE0B0D273F135500AE808F /* Products */ = {
			isa = PBXGroup;
			children = (
				EBFE0B0C273F135500AE808F /* NameFinder.app */,
				EBFE0B22273F135900AE808F /* NameFinderTests.xctest */,
				EBFE0B2C273F135900AE808F /* NameFinderUITests.xctest */,
			);
			name = Products;
			sourceTree = "<group>";
		};
		EBFE0B0E273F135500AE808F /* NameFinder */ = {
			isa = PBXGroup;
			children = (
				EBFE0B0F273F135500AE808F /* AppDelegate.swift */,
				EBFE0B11273F135500AE808F /* SceneDelegate.swift */,
				EBFE0B13273F135500AE808F /* ViewController.swift */,
				EBFE0B15273F135500AE808F /* Main.storyboard */,
				EBFE0B18273F135900AE808F /* Assets.xcassets */,
				EBFE0B1A273F135900AE808F /* LaunchScreen.storyboard */,
				EBFE0B1D273F135900AE808F /* Info.plist */,
			);
			path = NameFinder;
			sourceTree = "<group>";
		};
		EBFE0B25273F135900AE808F /* NameFinderTests */ = {
			isa = PBXGroup;
			children = (
				EBFE0B26273F135900AE808F /* NameFinderTests.swift */,
			);
			path = NameFinderTests;
			sourceTree = "<group>";
		};
		EBFE0B2F273F135900AE808F /* NameFinderUITests */ = {
			isa = PBXGroup;
			children = (
				EBFE0B30273F135900AE808F /* NameFinderUITests.swift */,
				EBFE0B32273F135900AE808F /* NameFinderUITestsLaunchTests.swift */,
			);
			path = NameFinderUITests;
			sourceTree = "<group>";
		};
/* End PBXGroup section */

/* Begin PBXNativeTarget section */
		EBFE0B0B273F135500AE808F /* NameFinder */ = {
			isa = PBXNativeTarget;
			buildConfigurationList = EBFE0B36273F135900AE808F /* Build configuration list for PBXNativeTarget "NameFinder" */;
			buildPhases = (
				EBFE0B08273F135500AE808F /* Sources */,
				EBFE0B09273F135500AE808F /* Frameworks */,
				EBFE0B0A273F135500AE808F /* Resources */,
				EB5F4A08273F142100CFBC1C /* Embed Frameworks */,
			);
			buildRules = (
			);
			dependencies = (
			);
			name = NameFinder;
			productName = NameFinder;
			productReference = EBFE0B0C273F135500AE808F /* NameFinder.app */;
			productType = "com.apple.product-type.application";
		};
		EBFE0B21273F135900AE808F /* NameFinderTests */ = {
			isa = PBXNativeTarget;
			buildConfigurationList = EBFE0B39273F135900AE808F /* Build configuration list for PBXNativeTarget "NameFinderTests" */;
			buildPhases = (
				EBFE0B1E273F135900AE808F /* Sources */,
				EBFE0B1F273F135900AE808F /* Frameworks */,
				EBFE0B20273F135900AE808F /* Resources */,
			);
			buildRules = (
			);
			dependencies = (
				EBFE0B24273F135900AE808F /* PBXTargetDependency */,
			);
			name = NameFinderTests;
			productName = NameFinderTests;
			productReference = EBFE0B22273F135900AE808F /* NameFinderTests.xctest */;
			productType = "com.apple.product-type.bundle.unit-test";
		};
		EBFE0B2B273F135900AE808F /* NameFinderUITests */ = {
			isa = PBXNativeTarget;
			buildConfigurationList = EBFE0B3C273F135900AE808F /* Build configuration list for PBXNativeTarget "NameFinderUITests" */;
			buildPhases = (
				EBFE0B28273F135900AE808F /* Sources */,
				EBFE0B29273F135900AE808F /* Frameworks */,
				EBFE0B2A273F135900AE808F /* Resources */,
			);
			buildRules = (
			);
			dependencies = (
				EBFE0B2E273F135900AE808F /* PBXTargetDependency */,
			);
			name = NameFinderUITests;
			productName = NameFinderUITests;
			productReference = EBFE0B2C273F135900AE808F /* NameFinderUITests.xctest */;
			productType = "com.apple.product-type.bundle.ui-testing";
		};
/* End PBXNativeTarget section */

/* Begin PBXProject section */
		EBFE0B04273F135500AE808F /* Project object */ = {
			isa = PBXProject;
			attributes = {
				BuildIndependentTargetsInParallel = 1;
				LastSwiftUpdateCheck = 1300;
				LastUpgradeCheck = 1300;
				TargetAttributes = {
					EBFE0B0B273F135500AE808F = {
						CreatedOnToolsVersion = 13.0;
					};
					EBFE0B21273F135900AE808F = {
						CreatedOnToolsVersion = 13.0;
						TestTargetID = EBFE0B0B273F135500AE808F;
					};
					EBFE0B2B273F135900AE808F = {
						CreatedOnToolsVersion = 13.0;
						TestTargetID = EBFE0B0B273F135500AE808F;
					};
				};
			};
			buildConfigurationList = EBFE0B07273F135500AE808F /* Build configuration list for PBXProject "NameFinder" */;
			compatibilityVersion = "Xcode 13.0";
			developmentRegion = en;
			hasScannedForEncodings = 0;
			knownRegions = (
				en,
				Base,
			);
			mainGroup = EBFE0B03273F135500AE808F;
			productRefGroup = EBFE0B0D273F135500AE808F /* Products */;
			projectDirPath = "";
			projectReferences = (
				{
					ProductGroup = EB5F49FD273F141400CFBC1C /* Products */;
					ProjectRef = EB5F49FC273F141400CFBC1C /* ScannerFlow.xcodeproj */;
				},
			);
			projectRoot = "";
			targets = (
				EBFE0B0B273F135500AE808F /* NameFinder */,
				EBFE0B21273F135900AE808F /* NameFinderTests */,
				EBFE0B2B273F135900AE808F /* NameFinderUITests */,
			);
		};
/* End PBXProject section */

/* Begin PBXReferenceProxy section */
		EB5F4A02273F141400CFBC1C /* ScannerFlow.framework */ = {
			isa = PBXReferenceProxy;
			fileType = wrapper.framework;
			path = ScannerFlow.framework;
			remoteRef = EB5F4A01273F141400CFBC1C /* PBXContainerItemProxy */;
			sourceTree = BUILT_PRODUCTS_DIR;
		};
		EB5F4A04273F141400CFBC1C /* ScannerFlowTests.xctest */ = {
			isa = PBXReferenceProxy;
			fileType = wrapper.cfbundle;
			path = ScannerFlowTests.xctest;
			remoteRef = EB5F4A03273F141400CFBC1C /* PBXContainerItemProxy */;
			sourceTree = BUILT_PRODUCTS_DIR;
		};
/* End PBXReferenceProxy section */

/* Begin PBXResourcesBuildPhase section */
		EBFE0B0A273F135500AE808F /* Resources */ = {
			isa = PBXResourcesBuildPhase;
			buildActionMask = 2147483647;
			files = (
				EBFE0B1C273F135900AE808F /* LaunchScreen.storyboard in Resources */,
				EBFE0B19273F135900AE808F /* Assets.xcassets in Resources */,
				EBFE0B17273F135500AE808F /* Main.storyboard in Resources */,
			);
			runOnlyForDeploymentPostprocessing = 0;
		};
		EBFE0B20273F135900AE808F /* Resources */ = {
			isa = PBXResourcesBuildPhase;
			buildActionMask = 2147483647;
			files = (
			);
			runOnlyForDeploymentPostprocessing = 0;
		};
		EBFE0B2A273F135900AE808F /* Resources */ = {
			isa = PBXResourcesBuildPhase;
			buildActionMask = 2147483647;
			files = (
			);
			runOnlyForDeploymentPostprocessing = 0;
		};
/* End PBXResourcesBuildPhase section */

/* Begin PBXSourcesBuildPhase section */
		EBFE0B08273F135500AE808F /* Sources */ = {
			isa = PBXSourcesBuildPhase;
			buildActionMask = 2147483647;
			files = (
				EBFE0B14273F135500AE808F /* ViewController.swift in Sources */,
				EBFE0B10273F135500AE808F /* AppDelegate.swift in Sources */,
				EBFE0B12273F135500AE808F /* SceneDelegate.swift in Sources */,
			);
			runOnlyForDeploymentPostprocessing = 0;
		};
		EBFE0B1E273F135900AE808F /* Sources */ = {
			isa = PBXSourcesBuildPhase;
			buildActionMask = 2147483647;
			files = (
				EBFE0B27273F135900AE808F /* NameFinderTests.swift in Sources */,
			);
			runOnlyForDeploymentPostprocessing = 0;
		};
		EBFE0B28273F135900AE808F /* Sources */ = {
			isa = PBXSourcesBuildPhase;
			buildActionMask = 2147483647;
			files = (
				EBFE0B31273F135900AE808F /* NameFinderUITests.swift in Sources */,
				EBFE0B33273F135900AE808F /* NameFinderUITestsLaunchTests.swift in Sources */,
			);
			runOnlyForDeploymentPostprocessing = 0;
		};
/* End PBXSourcesBuildPhase section */

/* Begin PBXTargetDependency section */
		EBFE0B24273F135900AE808F /* PBXTargetDependency */ = {
			isa = PBXTargetDependency;
			target = EBFE0B0B273F135500AE808F /* NameFinder */;
			targetProxy = EBFE0B23273F135900AE808F /* PBXContainerItemProxy */;
		};
		EBFE0B2E273F135900AE808F /* PBXTargetDependency */ = {
			isa = PBXTargetDependency;
			target = EBFE0B0B273F135500AE808F /* NameFinder */;
			targetProxy = EBFE0B2D273F135900AE808F /* PBXContainerItemProxy */;
		};
/* End PBXTargetDependency section */

/* Begin PBXVariantGroup section */
		EBFE0B15273F135500AE808F /* Main.storyboard */ = {
			isa = PBXVariantGroup;
			children = (
				EBFE0B16273F135500AE808F /* Base */,
			);
			name = Main.storyboard;
			sourceTree = "<group>";
		};
		EBFE0B1A273F135900AE808F /* LaunchScreen.storyboard */ = {
			isa = PBXVariantGroup;
			children = (
				EBFE0B1B273F135900AE808F /* Base */,
			);
			name = LaunchScreen.storyboard;
			sourceTree = "<group>";
		};
/* End PBXVariantGroup section */

/* Begin XCBuildConfiguration section */
		EBFE0B34273F135900AE808F /* Debug */ = {
			isa = XCBuildConfiguration;
			buildSettings = {
				ALWAYS_SEARCH_USER_PATHS = NO;
				CLANG_ANALYZER_NONNULL = YES;
				CLANG_ANALYZER_NUMBER_OBJECT_CONVERSION = YES_AGGRESSIVE;
				CLANG_CXX_LANGUAGE_STANDARD = "gnu++17";
				CLANG_CXX_LIBRARY = "libc++";
				CLANG_ENABLE_MODULES = YES;
				CLANG_ENABLE_OBJC_ARC = YES;
				CLANG_ENABLE_OBJC_WEAK = YES;
				CLANG_WARN_BLOCK_CAPTURE_AUTORELEASING = YES;
				CLANG_WARN_BOOL_CONVERSION = YES;
				CLANG_WARN_COMMA = YES;
				CLANG_WARN_CONSTANT_CONVERSION = YES;
				CLANG_WARN_DEPRECATED_OBJC_IMPLEMENTATIONS = YES;
				CLANG_WARN_DIRECT_OBJC_ISA_USAGE = YES_ERROR;
				CLANG_WARN_DOCUMENTATION_COMMENTS = YES;
				CLANG_WARN_EMPTY_BODY = YES;
				CLANG_WARN_ENUM_CONVERSION = YES;
				CLANG_WARN_INFINITE_RECURSION = YES;
				CLANG_WARN_INT_CONVERSION = YES;
				CLANG_WARN_NON_LITERAL_NULL_CONVERSION = YES;
				CLANG_WARN_OBJC_IMPLICIT_RETAIN_SELF = YES;
				CLANG_WARN_OBJC_LITERAL_CONVERSION = YES;
				CLANG_WARN_OBJC_ROOT_CLASS = YES_ERROR;
				CLANG_WARN_QUOTED_INCLUDE_IN_FRAMEWORK_HEADER = YES;
				CLANG_WARN_RANGE_LOOP_ANALYSIS = YES;
				CLANG_WARN_STRICT_PROTOTYPES = YES;
				CLANG_WARN_SUSPICIOUS_MOVE = YES;
				CLANG_WARN_UNGUARDED_AVAILABILITY = YES_AGGRESSIVE;
				CLANG_WARN_UNREACHABLE_CODE = YES;
				CLANG_WARN__DUPLICATE_METHOD_MATCH = YES;
				COPY_PHASE_STRIP = NO;
				DEBUG_INFORMATION_FORMAT = dwarf;
				ENABLE_STRICT_OBJC_MSGSEND = YES;
				ENABLE_TESTABILITY = YES;
				GCC_C_LANGUAGE_STANDARD = gnu11;
				GCC_DYNAMIC_NO_PIC = NO;
				GCC_NO_COMMON_BLOCKS = YES;
				GCC_OPTIMIZATION_LEVEL = 0;
				GCC_PREPROCESSOR_DEFINITIONS = (
					"DEBUG=1",
					"$(inherited)",
				);
				GCC_WARN_64_TO_32_BIT_CONVERSION = YES;
				GCC_WARN_ABOUT_RETURN_TYPE = YES_ERROR;
				GCC_WARN_UNDECLARED_SELECTOR = YES;
				GCC_WARN_UNINITIALIZED_AUTOS = YES_AGGRESSIVE;
				GCC_WARN_UNUSED_FUNCTION = YES;
				GCC_WARN_UNUSED_VARIABLE = YES;
				IPHONEOS_DEPLOYMENT_TARGET = 15.0;
				MTL_ENABLE_DEBUG_INFO = INCLUDE_SOURCE;
				MTL_FAST_MATH = YES;
				ONLY_ACTIVE_ARCH = YES;
				SDKROOT = iphoneos;
				SWIFT_ACTIVE_COMPILATION_CONDITIONS = DEBUG;
				SWIFT_OPTIMIZATION_LEVEL = "-Onone";
			};
			name = Debug;
		};
		EBFE0B35273F135900AE808F /* Release */ = {
			isa = XCBuildConfiguration;
			buildSettings = {
				ALWAYS_SEARCH_USER_PATHS = NO;
				CLANG_ANALYZER_NONNULL = YES;
				CLANG_ANALYZER_NUMBER_OBJECT_CONVERSION = YES_AGGRESSIVE;
				CLANG_CXX_LANGUAGE_STANDARD = "gnu++17";
				CLANG_CXX_LIBRARY = "libc++";
				CLANG_ENABLE_MODULES = YES;
				CLANG_ENABLE_OBJC_ARC = YES;
				CLANG_ENABLE_OBJC_WEAK = YES;
				CLANG_WARN_BLOCK_CAPTURE_AUTORELEASING = YES;
				CLANG_WARN_BOOL_CONVERSION = YES;
				CLANG_WARN_COMMA = YES;
				CLANG_WARN_CONSTANT_CONVERSION = YES;
				CLANG_WARN_DEPRECATED_OBJC_IMPLEMENTATIONS = YES;
				CLANG_WARN_DIRECT_OBJC_ISA_USAGE = YES_ERROR;
				CLANG_WARN_DOCUMENTATION_COMMENTS = YES;
				CLANG_WARN_EMPTY_BODY = YES;
				CLANG_WARN_ENUM_CONVERSION = YES;
				CLANG_WARN_INFINITE_RECURSION = YES;
				CLANG_WARN_INT_CONVERSION = YES;
				CLANG_WARN_NON_LITERAL_NULL_CONVERSION = YES;
				CLANG_WARN_OBJC_IMPLICIT_RETAIN_SELF = YES;
				CLANG_WARN_OBJC_LITERAL_CONVERSION = YES;
				CLANG_WARN_OBJC_ROOT_CLASS = YES_ERROR;
				CLANG_WARN_QUOTED_INCLUDE_IN_FRAMEWORK_HEADER = YES;
				CLANG_WARN_RANGE_LOOP_ANALYSIS = YES;
				CLANG_WARN_STRICT_PROTOTYPES = YES;
				CLANG_WARN_SUSPICIOUS_MOVE = YES;
				CLANG_WARN_UNGUARDED_AVAILABILITY = YES_AGGRESSIVE;
				CLANG_WARN_UNREACHABLE_CODE = YES;
				CLANG_WARN__DUPLICATE_METHOD_MATCH = YES;
				COPY_PHASE_STRIP = NO;
				DEBUG_INFORMATION_FORMAT = "dwarf-with-dsym";
				ENABLE_NS_ASSERTIONS = NO;
				ENABLE_STRICT_OBJC_MSGSEND = YES;
				GCC_C_LANGUAGE_STANDARD = gnu11;
				GCC_NO_COMMON_BLOCKS = YES;
				GCC_WARN_64_TO_32_BIT_CONVERSION = YES;
				GCC_WARN_ABOUT_RETURN_TYPE = YES_ERROR;
				GCC_WARN_UNDECLARED_SELECTOR = YES;
				GCC_WARN_UNINITIALIZED_AUTOS = YES_AGGRESSIVE;
				GCC_WARN_UNUSED_FUNCTION = YES;
				GCC_WARN_UNUSED_VARIABLE = YES;
				IPHONEOS_DEPLOYMENT_TARGET = 15.0;
				MTL_ENABLE_DEBUG_INFO = NO;
				MTL_FAST_MATH = YES;
				SDKROOT = iphoneos;
				SWIFT_COMPILATION_MODE = wholemodule;
				SWIFT_OPTIMIZATION_LEVEL = "-O";
				VALIDATE_PRODUCT = YES;
			};
			name = Release;
		};
		EBFE0B37273F135900AE808F /* Debug */ = {
			isa = XCBuildConfiguration;
			buildSettings = {
				ASSETCATALOG_COMPILER_APPICON_NAME = AppIcon;
				ASSETCATALOG_COMPILER_GLOBAL_ACCENT_COLOR_NAME = AccentColor;
				CODE_SIGN_STYLE = Automatic;
				CURRENT_PROJECT_VERSION = 1;
				DEVELOPMENT_TEAM = ATC4M43PB8;
				GENERATE_INFOPLIST_FILE = YES;
				INFOPLIST_FILE = NameFinder/Info.plist;
				INFOPLIST_KEY_UIApplicationSupportsIndirectInputEvents = YES;
				INFOPLIST_KEY_UILaunchStoryboardName = LaunchScreen;
				INFOPLIST_KEY_UIMainStoryboardFile = Main;
				INFOPLIST_KEY_UISupportedInterfaceOrientations_iPad = "UIInterfaceOrientationPortrait UIInterfaceOrientationPortraitUpsideDown UIInterfaceOrientationLandscapeLeft UIInterfaceOrientationLandscapeRight";
				INFOPLIST_KEY_UISupportedInterfaceOrientations_iPhone = "UIInterfaceOrientationPortrait UIInterfaceOrientationLandscapeLeft UIInterfaceOrientationLandscapeRight";
				LD_RUNPATH_SEARCH_PATHS = (
					"$(inherited)",
					"@executable_path/Frameworks",
				);
				MARKETING_VERSION = 1.0;
				PRODUCT_BUNDLE_IDENTIFIER = com.study.NameFinder;
				PRODUCT_NAME = "$(TARGET_NAME)";
				SWIFT_EMIT_LOC_STRINGS = YES;
				SWIFT_VERSION = 5.0;
				TARGETED_DEVICE_FAMILY = "1,2";
			};
			name = Debug;
		};
		EBFE0B38273F135900AE808F /* Release */ = {
			isa = XCBuildConfiguration;
			buildSettings = {
				ASSETCATALOG_COMPILER_APPICON_NAME = AppIcon;
				ASSETCATALOG_COMPILER_GLOBAL_ACCENT_COLOR_NAME = AccentColor;
				CODE_SIGN_STYLE = Automatic;
				CURRENT_PROJECT_VERSION = 1;
				DEVELOPMENT_TEAM = ATC4M43PB8;
				GENERATE_INFOPLIST_FILE = YES;
				INFOPLIST_FILE = NameFinder/Info.plist;
				INFOPLIST_KEY_UIApplicationSupportsIndirectInputEvents = YES;
				INFOPLIST_KEY_UILaunchStoryboardName = LaunchScreen;
				INFOPLIST_KEY_UIMainStoryboardFile = Main;
				INFOPLIST_KEY_UISupportedInterfaceOrientations_iPad = "UIInterfaceOrientationPortrait UIInterfaceOrientationPortraitUpsideDown UIInterfaceOrientationLandscapeLeft UIInterfaceOrientationLandscapeRight";
				INFOPLIST_KEY_UISupportedInterfaceOrientations_iPhone = "UIInterfaceOrientationPortrait UIInterfaceOrientationLandscapeLeft UIInterfaceOrientationLandscapeRight";
				LD_RUNPATH_SEARCH_PATHS = (
					"$(inherited)",
					"@executable_path/Frameworks",
				);
				MARKETING_VERSION = 1.0;
				PRODUCT_BUNDLE_IDENTIFIER = com.study.NameFinder;
				PRODUCT_NAME = "$(TARGET_NAME)";
				SWIFT_EMIT_LOC_STRINGS = YES;
				SWIFT_VERSION = 5.0;
				TARGETED_DEVICE_FAMILY = "1,2";
			};
			name = Release;
		};
		EBFE0B3A273F135900AE808F /* Debug */ = {
			isa = XCBuildConfiguration;
			buildSettings = {
				ALWAYS_EMBED_SWIFT_STANDARD_LIBRARIES = YES;
				BUNDLE_LOADER = "$(TEST_HOST)";
				CODE_SIGN_STYLE = Automatic;
				CURRENT_PROJECT_VERSION = 1;
				DEVELOPMENT_TEAM = ATC4M43PB8;
				GENERATE_INFOPLIST_FILE = YES;
				IPHONEOS_DEPLOYMENT_TARGET = 15.0;
				LD_RUNPATH_SEARCH_PATHS = (
					"$(inherited)",
					"@executable_path/Frameworks",
					"@loader_path/Frameworks",
				);
				MARKETING_VERSION = 1.0;
				PRODUCT_BUNDLE_IDENTIFIER = com.study.NameFinderTests;
				PRODUCT_NAME = "$(TARGET_NAME)";
				SWIFT_EMIT_LOC_STRINGS = NO;
				SWIFT_VERSION = 5.0;
				TARGETED_DEVICE_FAMILY = "1,2";
				TEST_HOST = "$(BUILT_PRODUCTS_DIR)/NameFinder.app/NameFinder";
			};
			name = Debug;
		};
		EBFE0B3B273F135900AE808F /* Release */ = {
			isa = XCBuildConfiguration;
			buildSettings = {
				ALWAYS_EMBED_SWIFT_STANDARD_LIBRARIES = YES;
				BUNDLE_LOADER = "$(TEST_HOST)";
				CODE_SIGN_STYLE = Automatic;
				CURRENT_PROJECT_VERSION = 1;
				DEVELOPMENT_TEAM = ATC4M43PB8;
				GENERATE_INFOPLIST_FILE = YES;
				IPHONEOS_DEPLOYMENT_TARGET = 15.0;
				LD_RUNPATH_SEARCH_PATHS = (
					"$(inherited)",
					"@executable_path/Frameworks",
					"@loader_path/Frameworks",
				);
				MARKETING_VERSION = 1.0;
				PRODUCT_BUNDLE_IDENTIFIER = com.study.NameFinderTests;
				PRODUCT_NAME = "$(TARGET_NAME)";
				SWIFT_EMIT_LOC_STRINGS = NO;
				SWIFT_VERSION = 5.0;
				TARGETED_DEVICE_FAMILY = "1,2";
				TEST_HOST = "$(BUILT_PRODUCTS_DIR)/NameFinder.app/NameFinder";
			};
			name = Release;
		};
		EBFE0B3D273F135900AE808F /* Debug */ = {
			isa = XCBuildConfiguration;
			buildSettings = {
				ALWAYS_EMBED_SWIFT_STANDARD_LIBRARIES = YES;
				CODE_SIGN_STYLE = Automatic;
				CURRENT_PROJECT_VERSION = 1;
				DEVELOPMENT_TEAM = ATC4M43PB8;
				GENERATE_INFOPLIST_FILE = YES;
				LD_RUNPATH_SEARCH_PATHS = (
					"$(inherited)",
					"@executable_path/Frameworks",
					"@loader_path/Frameworks",
				);
				MARKETING_VERSION = 1.0;
				PRODUCT_BUNDLE_IDENTIFIER = com.study.NameFinderUITests;
				PRODUCT_NAME = "$(TARGET_NAME)";
				SWIFT_EMIT_LOC_STRINGS = NO;
				SWIFT_VERSION = 5.0;
				TARGETED_DEVICE_FAMILY = "1,2";
				TEST_TARGET_NAME = NameFinder;
			};
			name = Debug;
		};
		EBFE0B3E273F135900AE808F /* Release */ = {
			isa = XCBuildConfiguration;
			buildSettings = {
				ALWAYS_EMBED_SWIFT_STANDARD_LIBRARIES = YES;
				CODE_SIGN_STYLE = Automatic;
				CURRENT_PROJECT_VERSION = 1;
				DEVELOPMENT_TEAM = ATC4M43PB8;
				GENERATE_INFOPLIST_FILE = YES;
				LD_RUNPATH_SEARCH_PATHS = (
					"$(inherited)",
					"@executable_path/Frameworks",
					"@loader_path/Frameworks",
				);
				MARKETING_VERSION = 1.0;
				PRODUCT_BUNDLE_IDENTIFIER = com.study.NameFinderUITests;
				PRODUCT_NAME = "$(TARGET_NAME)";
				SWIFT_EMIT_LOC_STRINGS = NO;
				SWIFT_VERSION = 5.0;
				TARGETED_DEVICE_FAMILY = "1,2";
				TEST_TARGET_NAME = NameFinder;
			};
			name = Release;
		};
/* End XCBuildConfiguration section */

/* Begin XCConfigurationList section */
		EBFE0B07273F135500AE808F /* Build configuration list for PBXProject "NameFinder" */ = {
			isa = XCConfigurationList;
			buildConfigurations = (
				EBFE0B34273F135900AE808F /* Debug */,
				EBFE0B35273F135900AE808F /* Release */,
			);
			defaultConfigurationIsVisible = 0;
			defaultConfigurationName = Release;
		};
		EBFE0B36273F135900AE808F /* Build configuration list for PBXNativeTarget "NameFinder" */ = {
			isa = XCConfigurationList;
			buildConfigurations = (
				EBFE0B37273F135900AE808F /* Debug */,
				EBFE0B38273F135900AE808F /* Release */,
			);
			defaultConfigurationIsVisible = 0;
			defaultConfigurationName = Release;
		};
		EBFE0B39273F135900AE808F /* Build configuration list for PBXNativeTarget "NameFinderTests" */ = {
			isa = XCConfigurationList;
			buildConfigurations = (
				EBFE0B3A273F135900AE808F /* Debug */,
				EBFE0B3B273F135900AE808F /* Release */,
			);
			defaultConfigurationIsVisible = 0;
			defaultConfigurationName = Release;
		};
		EBFE0B3C273F135900AE808F /* Build configuration list for PBXNativeTarget "NameFinderUITests" */ = {
			isa = XCConfigurationList;
			buildConfigurations = (
				EBFE0B3D273F135900AE808F /* Debug */,
				EBFE0B3E273F135900AE808F /* Release */,
			);
			defaultConfigurationIsVisible = 0;
			defaultConfigurationName = Release;
		};
/* End XCConfigurationList section */
	};
	rootObject = EBFE0B04273F135500AE808F /* Project object */;
}
